{
  "originHash" : "52ad8d87e5bcca27aa6a80ea7a9b4adc24be9ff19ebd714c72d6fe58d8eaeb50",
  "pins" : [
    {
      "identity" : "crumpet",
      "kind" : "remoteSourceControl",
      "location" : "https://github.com/octavore/crumpet",
      "state" : {
        "branch" : "main",
        "revision" : "f6fd4da3122f9b6e34915b5fe132f92548c3b43b"
      }
    },
    {
      "identity" : "sunshine",
      "kind" : "remoteSourceControl",
      "location" : "https://github.com/octavore/sunshine",
      "state" : {
        "branch" : "main",
        "revision" : "7c5025af95e600c16020f603a471edf69fa7e061"
      }
    },
    {
      "identity" : "swift-tree-sitter",
      "kind" : "remoteSourceControl",
      "location" : "https://github.com/tree-sitter/swift-tree-sitter",
      "state" : {
        "revision" : "08ef81eb8620617b55b08868126707ad72bf754f",
        "version" : "0.25.0"
      }
    },
    {
      "identity" : "tree-sitter",
      "kind" : "remoteSourceControl",
      "location" : "https://github.com/tree-sitter/tree-sitter",
      "state" : {
        "revision" : "da6fe9beb4f7f67beb75914ca8e0d48ae48d6406",
        "version" : "0.25.10"
      }
    },
    {
      "identity" : "tree-sitter-bash",
      "kind" : "remoteSourceControl",
      "location" : "https://github.com/tree-sitter/tree-sitter-bash",
      "state" : {
        "revision" : "a06c2e4415e9bc0346c6b86d401879ffb44058f7",
        "version" : "0.25.1"
      }
    },
    {
      "identity" : "tree-sitter-json",
      "kind" : "remoteSourceControl",
      "location" : "https://github.com/tree-sitter/tree-sitter-json",
      "state" : {
        "revision" : "ee35a6ebefcef0c5c416c0d1ccec7370cfca5a24",
        "version" : "0.24.8"
      }
    },
    {
      "identity" : "tree-sitter-markdown",
      "kind" : "remoteSourceControl",
      "location" : "https://github.com/tree-sitter-grammars/tree-sitter-markdown",
      "state" : {
        "revision" : "f969cd3ae3f9fbd4e43205431d0ae286014c05b5",
        "version" : "0.5.3"
      }
    },
    {
      "identity" : "tree-sitter-toml",
      "kind" : "remoteSourceControl",
      "location" : "https://github.com/tree-sitter-grammars/tree-sitter-toml",
      "state" : {
        "revision" : "64b56832c2cffe41758f28e05c756a3a98d16f41",
        "version" : "0.7.0"
      }
    }
  ],
  "version" : 3
}
