{
  "originHash" : "d3ff1ecf1e6dc48a789c7d39246d272a4e83f51e27f3bb3143b3543eb29b814d",
  "pins" : [
    {
      "identity" : "strudel-markdown-editor",
      "kind" : "remoteSourceControl",
      "location" : "ssh://git.recurse.world/octavore/strudel-markdown-editor",
      "state" : {
        "branch" : "main",
        "revision" : "fb6c540765e20d356240e814dc235be0a249a132"
      }
    },
    {
      "identity" : "sunshine",
      "kind" : "remoteSourceControl",
      "location" : "git@github.com:octavore/sunshine.git",
      "state" : {
        "branch" : "main",
        "revision" : "f64e14a618f9c5293f6255480a977d3e87aa8e60"
      }
    },
    {
      "identity" : "swift-tree-sitter",
      "kind" : "remoteSourceControl",
      "location" : "https://github.com/tree-sitter/swift-tree-sitter",
      "state" : {
        "revision" : "08ef81eb8620617b55b08868126707ad72bf754f",
        "version" : "0.25.0"
      }
    },
    {
      "identity" : "tree-sitter",
      "kind" : "remoteSourceControl",
      "location" : "https://github.com/tree-sitter/tree-sitter",
      "state" : {
        "revision" : "da6fe9beb4f7f67beb75914ca8e0d48ae48d6406",
        "version" : "0.25.10"
      }
    },
    {
      "identity" : "tree-sitter-markdown",
      "kind" : "remoteSourceControl",
      "location" : "https://github.com/tree-sitter-grammars/tree-sitter-markdown",
      "state" : {
        "revision" : "f969cd3ae3f9fbd4e43205431d0ae286014c05b5",
        "version" : "0.5.3"
      }
    }
  ],
  "version" : 3
}
