{
  "originHash" : "430c2408443f26e589dd3d0e0fed34a452500828b5c44a2b7c7253a4cbb560fe",
  "pins" : [
    {
      "identity" : "strudel-markdown-editor",
      "kind" : "remoteSourceControl",
      "location" : "ssh://git.recurse.world/octavore/strudel-markdown-editor",
      "state" : {
        "branch" : "main",
        "revision" : "fb6c540765e20d356240e814dc235be0a249a132"
      }
    },
    {
      "identity" : "swift-tree-sitter",
      "kind" : "remoteSourceControl",
      "location" : "https://github.com/tree-sitter/swift-tree-sitter",
      "state" : {
        "revision" : "08ef81eb8620617b55b08868126707ad72bf754f",
        "version" : "0.25.0"
      }
    },
    {
      "identity" : "tree-sitter",
      "kind" : "remoteSourceControl",
      "location" : "https://github.com/tree-sitter/tree-sitter",
      "state" : {
        "revision" : "da6fe9beb4f7f67beb75914ca8e0d48ae48d6406",
        "version" : "0.25.10"
      }
    },
    {
      "identity" : "tree-sitter-markdown",
      "kind" : "remoteSourceControl",
      "location" : "https://github.com/tree-sitter-grammars/tree-sitter-markdown",
      "state" : {
        "revision" : "f969cd3ae3f9fbd4e43205431d0ae286014c05b5",
        "version" : "0.5.3"
      }
    }
  ],
  "version" : 3
}
